
Microsoft Visual Studio Solution File, Format Version 12.00
# Visual Studio 15
Project("{FAE04EC0-301F-11D3-BF4B-00C04F79EFBC}") = "UnityEngine.TestRunner", "UnityEngine.TestRunner.csproj", "{946CD5FA-0A27-7F40-ECAB-F08BDF40AEEA}"
EndProject
Project("{FAE04EC0-301F-11D3-BF4B-00C04F79EFBC}") = "Unity.2D.Animation.Triangle.Runtime", "Unity.2D.Animation.Triangle.Runtime.csproj", "{816BE5DE-A1E8-38F5-5D82-90D29C8817BE}"
EndProject
Project("{FAE04EC0-301F-11D3-BF4B-00C04F79EFBC}") = "Unity.TextMeshPro", "Unity.TextMeshPro.csproj", "{464147A8-C384-AF90-23D6-6804C6C4151E}"
EndProject
Project("{FAE04EC0-301F-11D3-BF4B-00C04F79EFBC}") = "Unity.2D.Animation.Runtime", "Unity.2D.Animation.Runtime.csproj", "{53ECC06A-F54F-68AB-6E25-03C6EADD1583}"
EndProject
Project("{FAE04EC0-301F-11D3-BF4B-00C04F79EFBC}") = "Unity.Timeline", "Unity.Timeline.csproj", "{81BA5A65-1236-2D68-E64B-7A54747694C6}"
EndProject
Project("{FAE04EC0-301F-11D3-BF4B-00C04F79EFBC}") = "Unity.Mathematics", "Unity.Mathematics.csproj", "{6DF1E64D-7493-8DD4-859C-081A0E134C9F}"
EndProject
Project("{FAE04EC0-301F-11D3-BF4B-00C04F79EFBC}") = "Unity.2D.SpriteShape.Runtime", "Unity.2D.SpriteShape.Runtime.csproj", "{FC3E9E86-CFC7-72CB-4A18-C75850DAC471}"
EndProject
Project("{FAE04EC0-301F-11D3-BF4B-00C04F79EFBC}") = "Unity.2D.PixelPerfect", "Unity.2D.PixelPerfect.csproj", "{880425CC-8890-9898-F672-C0AE00CF9773}"
EndProject
Project("{FAE04EC0-301F-11D3-BF4B-00C04F79EFBC}") = "Assembly-CSharp", "Assembly-CSharp.csproj", "{2BA0D314-4863-7171-557D-F758212785DF}"
EndProject
Project("{FAE04EC0-301F-11D3-BF4B-00C04F79EFBC}") = "Unity.InternalAPIEngineBridge.001", "Unity.InternalAPIEngineBridge.001.csproj", "{FAB75FEF-5BB4-0571-C7D8-8614202A18FA}"
EndProject
Project("{FAE04EC0-301F-11D3-BF4B-00C04F79EFBC}") = "Unity.2D.Common.Runtime", "Unity.2D.Common.Runtime.csproj", "{7319B81B-D162-BE06-DB85-EB7B3382B61F}"
EndProject
Project("{FAE04EC0-301F-11D3-BF4B-00C04F79EFBC}") = "Unity.TextMeshPro.Editor", "Unity.TextMeshPro.Editor.csproj", "{617F086E-061C-F8B9-4479-BB1802403E6D}"
EndProject
Project("{FAE04EC0-301F-11D3-BF4B-00C04F79EFBC}") = "Unity.Timeline.Editor", "Unity.Timeline.Editor.csproj", "{84C0B01D-5896-7A4F-6222-1322C7B7E72A}"
EndProject
Project("{FAE04EC0-301F-11D3-BF4B-00C04F79EFBC}") = "Unity.CollabProxy.Editor", "Unity.CollabProxy.Editor.csproj", "{AB836C0C-775B-B432-BF22-2C9695D8A37F}"
EndProject
Project("{FAE04EC0-301F-11D3-BF4B-00C04F79EFBC}") = "UnityEditor.TestRunner", "UnityEditor.TestRunner.csproj", "{F70D87B8-0E73-9BFF-08FF-5C9BA85A2B74}"
EndProject
Project("{FAE04EC0-301F-11D3-BF4B-00C04F79EFBC}") = "Unity.2D.Animation.Editor", "Unity.2D.Animation.Editor.csproj", "{52C1C9EB-F400-09E6-D81C-D88407BEFFBC}"
EndProject
Project("{FAE04EC0-301F-11D3-BF4B-00C04F79EFBC}") = "Unity.2D.Path.Editor", "Unity.2D.Path.Editor.csproj", "{EF1F0D9D-93B9-4948-AEF2-8916FA176968}"
EndProject
Project("{FAE04EC0-301F-11D3-BF4B-00C04F79EFBC}") = "Unity.Rider.Editor", "Unity.Rider.Editor.csproj", "{4265B105-516E-199E-5D68-F1CA356A3B01}"
EndProject
Project("{FAE04EC0-301F-11D3-BF4B-00C04F79EFBC}") = "Unity.VisualStudio.Editor", "Unity.VisualStudio.Editor.csproj", "{95E9BC3A-8994-C0CC-0784-786F88711157}"
EndProject
Project("{FAE04EC0-301F-11D3-BF4B-00C04F79EFBC}") = "Unity.2D.SpriteShape.Editor", "Unity.2D.SpriteShape.Editor.csproj", "{AB428BA6-CCFE-CBF0-8860-14DE4AEDF57F}"
EndProject
Project("{FAE04EC0-301F-11D3-BF4B-00C04F79EFBC}") = "PsdPlugin", "PsdPlugin.csproj", "{4A983A58-F74B-B979-22F1-4A6D8D8E8202}"
EndProject
Project("{FAE04EC0-301F-11D3-BF4B-00C04F79EFBC}") = "Unity.2D.Common.Editor", "Unity.2D.Common.Editor.csproj", "{E9E8DA42-627E-0940-65E9-DDD3221A5CE5}"
EndProject
Project("{FAE04EC0-301F-11D3-BF4B-00C04F79EFBC}") = "Unity.VSCode.Editor", "Unity.VSCode.Editor.csproj", "{20181E89-6D97-309D-30BB-ED56B152CF6F}"
EndProject
Project("{FAE04EC0-301F-11D3-BF4B-00C04F79EFBC}") = "Unity.2D.Psdimporter.Editor", "Unity.2D.Psdimporter.Editor.csproj", "{2D5AC7B6-EB33-AC41-D4C3-DEB997F44BC6}"
EndProject
Project("{FAE04EC0-301F-11D3-BF4B-00C04F79EFBC}") = "Unity.2D.PixelPerfect.Editor", "Unity.2D.PixelPerfect.Editor.csproj", "{86D76550-4C23-B871-8E6E-56C4EE033B1D}"
EndProject
Project("{FAE04EC0-301F-11D3-BF4B-00C04F79EFBC}") = "Unity.Mathematics.Editor", "Unity.Mathematics.Editor.csproj", "{9DC81747-C021-4EB0-B59F-5B74CAAD3114}"
EndProject
Project("{FAE04EC0-301F-11D3-BF4B-00C04F79EFBC}") = "Unity.InternalAPIEditorBridge.001", "Unity.InternalAPIEditorBridge.001.csproj", "{A6DCB19E-586E-0739-35D6-A75DA0AC7FBE}"
EndProject
Project("{FAE04EC0-301F-11D3-BF4B-00C04F79EFBC}") = "UnityEngine.TestRunner", "UnityEngine.TestRunner.Player.csproj", "{CD7ECC5E-6BBA-5964-B506-041969FCCDEA}"
EndProject
Project("{FAE04EC0-301F-11D3-BF4B-00C04F79EFBC}") = "Unity.2D.Animation.Triangle.Runtime", "Unity.2D.Animation.Triangle.Runtime.Player.csproj", "{3F7BE468-1D7A-918F-37C1-6EB44E2D8A8E}"
EndProject
Project("{FAE04EC0-301F-11D3-BF4B-00C04F79EFBC}") = "Unity.TextMeshPro", "Unity.TextMeshPro.Player.csproj", "{439A2BC2-69EC-1370-4E23-9D8832B6A0E5}"
EndProject
Project("{FAE04EC0-301F-11D3-BF4B-00C04F79EFBC}") = "Unity.2D.Animation.Runtime", "Unity.2D.Animation.Runtime.Player.csproj", "{99D33623-C72C-C84F-310A-083F256E55C0}"
EndProject
Project("{FAE04EC0-301F-11D3-BF4B-00C04F79EFBC}") = "Unity.Timeline", "Unity.Timeline.Player.csproj", "{2622C58F-55E9-FB0E-5B73-9D922A68ADE0}"
EndProject
Project("{FAE04EC0-301F-11D3-BF4B-00C04F79EFBC}") = "Unity.Mathematics", "Unity.Mathematics.Player.csproj", "{64769598-55FB-5C44-6D07-B462C5ACFDF6}"
EndProject
Project("{FAE04EC0-301F-11D3-BF4B-00C04F79EFBC}") = "Unity.2D.SpriteShape.Runtime", "Unity.2D.SpriteShape.Runtime.Player.csproj", "{F270CDBF-2C33-1B5C-E42A-D70FEE5A6C81}"
EndProject
Project("{FAE04EC0-301F-11D3-BF4B-00C04F79EFBC}") = "Unity.2D.PixelPerfect", "Unity.2D.PixelPerfect.Player.csproj", "{85F3E425-9C30-EBE0-B787-1AA9137ECD0C}"
EndProject
Project("{FAE04EC0-301F-11D3-BF4B-00C04F79EFBC}") = "Assembly-CSharp", "Assembly-CSharp.Player.csproj", "{C57FBDBE-57C1-D2CF-8D33-43F4498866C2}"
EndProject
Project("{FAE04EC0-301F-11D3-BF4B-00C04F79EFBC}") = "Unity.InternalAPIEngineBridge.001", "Unity.InternalAPIEngineBridge.001.Player.csproj", "{B94245D5-D62E-13BE-F0CA-29DFE5978B65}"
EndProject
Project("{FAE04EC0-301F-11D3-BF4B-00C04F79EFBC}") = "Unity.2D.Common.Runtime", "Unity.2D.Common.Runtime.Player.csproj", "{32E7082A-1144-45D5-D96B-7DC5ACC8B913}"
EndProject
Global
	GlobalSection(SolutionConfigurationPlatforms) = preSolution
		Debug|Any CPU = Debug|Any CPU
		Release|Any CPU = Release|Any CPU
	EndGlobalSection
	GlobalSection(ProjectConfigurationPlatforms) = postSolution
		{946CD5FA-0A27-7F40-ECAB-F08BDF40AEEA}.Debug|Any CPU.ActiveCfg = Debug|Any CPU
		{946CD5FA-0A27-7F40-ECAB-F08BDF40AEEA}.Debug|Any CPU.Build.0 = Debug|Any CPU
		{946CD5FA-0A27-7F40-ECAB-F08BDF40AEEA}.Release|Any CPU.ActiveCfg = Release|Any CPU
		{946CD5FA-0A27-7F40-ECAB-F08BDF40AEEA}.Release|Any CPU.Build.0 = Release|Any CPU
		{816BE5DE-A1E8-38F5-5D82-90D29C8817BE}.Debug|Any CPU.ActiveCfg = Debug|Any CPU
		{816BE5DE-A1E8-38F5-5D82-90D29C8817BE}.Debug|Any CPU.Build.0 = Debug|Any CPU
		{816BE5DE-A1E8-38F5-5D82-90D29C8817BE}.Release|Any CPU.ActiveCfg = Release|Any CPU
		{816BE5DE-A1E8-38F5-5D82-90D29C8817BE}.Release|Any CPU.Build.0 = Release|Any CPU
		{464147A8-C384-AF90-23D6-6804C6C4151E}.Debug|Any CPU.ActiveCfg = Debug|Any CPU
		{464147A8-C384-AF90-23D6-6804C6C4151E}.Debug|Any CPU.Build.0 = Debug|Any CPU
		{464147A8-C384-AF90-23D6-6804C6C4151E}.Release|Any CPU.ActiveCfg = Release|Any CPU
		{464147A8-C384-AF90-23D6-6804C6C4151E}.Release|Any CPU.Build.0 = Release|Any CPU
		{53ECC06A-F54F-68AB-6E25-03C6EADD1583}.Debug|Any CPU.ActiveCfg = Debug|Any CPU
		{53ECC06A-F54F-68AB-6E25-03C6EADD1583}.Debug|Any CPU.Build.0 = Debug|Any CPU
		{53ECC06A-F54F-68AB-6E25-03C6EADD1583}.Release|Any CPU.ActiveCfg = Release|Any CPU
		{53ECC06A-F54F-68AB-6E25-03C6EADD1583}.Release|Any CPU.Build.0 = Release|Any CPU
		{81BA5A65-1236-2D68-E64B-7A54747694C6}.Debug|Any CPU.ActiveCfg = Debug|Any CPU
		{81BA5A65-1236-2D68-E64B-7A54747694C6}.Debug|Any CPU.Build.0 = Debug|Any CPU
		{81BA5A65-1236-2D68-E64B-7A54747694C6}.Release|Any CPU.ActiveCfg = Release|Any CPU
		{81BA5A65-1236-2D68-E64B-7A54747694C6}.Release|Any CPU.Build.0 = Release|Any CPU
		{6DF1E64D-7493-8DD4-859C-081A0E134C9F}.Debug|Any CPU.ActiveCfg = Debug|Any CPU
		{6DF1E64D-7493-8DD4-859C-081A0E134C9F}.Debug|Any CPU.Build.0 = Debug|Any CPU
		{6DF1E64D-7493-8DD4-859C-081A0E134C9F}.Release|Any CPU.ActiveCfg = Release|Any CPU
		{6DF1E64D-7493-8DD4-859C-081A0E134C9F}.Release|Any CPU.Build.0 = Release|Any CPU
		{FC3E9E86-CFC7-72CB-4A18-C75850DAC471}.Debug|Any CPU.ActiveCfg = Debug|Any CPU
		{FC3E9E86-CFC7-72CB-4A18-C75850DAC471}.Debug|Any CPU.Build.0 = Debug|Any CPU
		{FC3E9E86-CFC7-72CB-4A18-C75850DAC471}.Release|Any CPU.ActiveCfg = Release|Any CPU
		{FC3E9E86-CFC7-72CB-4A18-C75850DAC471}.Release|Any CPU.Build.0 = Release|Any CPU
		{880425CC-8890-9898-F672-C0AE00CF9773}.Debug|Any CPU.ActiveCfg = Debug|Any CPU
		{880425CC-8890-9898-F672-C0AE00CF9773}.Debug|Any CPU.Build.0 = Debug|Any CPU
		{880425CC-8890-9898-F672-C0AE00CF9773}.Release|Any CPU.ActiveCfg = Release|Any CPU
		{880425CC-8890-9898-F672-C0AE00CF9773}.Release|Any CPU.Build.0 = Release|Any CPU
		{2BA0D314-4863-7171-557D-F758212785DF}.Debug|Any CPU.ActiveCfg = Debug|Any CPU
		{2BA0D314-4863-7171-557D-F758212785DF}.Debug|Any CPU.Build.0 = Debug|Any CPU
		{2BA0D314-4863-7171-557D-F758212785DF}.Release|Any CPU.ActiveCfg = Release|Any CPU
		{2BA0D314-4863-7171-557D-F758212785DF}.Release|Any CPU.Build.0 = Release|Any CPU
		{FAB75FEF-5BB4-0571-C7D8-8614202A18FA}.Debug|Any CPU.ActiveCfg = Debug|Any CPU
		{FAB75FEF-5BB4-0571-C7D8-8614202A18FA}.Debug|Any CPU.Build.0 = Debug|Any CPU
		{FAB75FEF-5BB4-0571-C7D8-8614202A18FA}.Release|Any CPU.ActiveCfg = Release|Any CPU
		{FAB75FEF-5BB4-0571-C7D8-8614202A18FA}.Release|Any CPU.Build.0 = Release|Any CPU
		{7319B81B-D162-BE06-DB85-EB7B3382B61F}.Debug|Any CPU.ActiveCfg = Debug|Any CPU
		{7319B81B-D162-BE06-DB85-EB7B3382B61F}.Debug|Any CPU.Build.0 = Debug|Any CPU
		{7319B81B-D162-BE06-DB85-EB7B3382B61F}.Release|Any CPU.ActiveCfg = Release|Any CPU
		{7319B81B-D162-BE06-DB85-EB7B3382B61F}.Release|Any CPU.Build.0 = Release|Any CPU
		{617F086E-061C-F8B9-4479-BB1802403E6D}.Debug|Any CPU.ActiveCfg = Debug|Any CPU
		{617F086E-061C-F8B9-4479-BB1802403E6D}.Debug|Any CPU.Build.0 = Debug|Any CPU
		{617F086E-061C-F8B9-4479-BB1802403E6D}.Release|Any CPU.ActiveCfg = Release|Any CPU
		{617F086E-061C-F8B9-4479-BB1802403E6D}.Release|Any CPU.Build.0 = Release|Any CPU
		{84C0B01D-5896-7A4F-6222-1322C7B7E72A}.Debug|Any CPU.ActiveCfg = Debug|Any CPU
		{84C0B01D-5896-7A4F-6222-1322C7B7E72A}.Debug|Any CPU.Build.0 = Debug|Any CPU
		{84C0B01D-5896-7A4F-6222-1322C7B7E72A}.Release|Any CPU.ActiveCfg = Release|Any CPU
		{84C0B01D-5896-7A4F-6222-1322C7B7E72A}.Release|Any CPU.Build.0 = Release|Any CPU
		{AB836C0C-775B-B432-BF22-2C9695D8A37F}.Debug|Any CPU.ActiveCfg = Debug|Any CPU
		{AB836C0C-775B-B432-BF22-2C9695D8A37F}.Debug|Any CPU.Build.0 = Debug|Any CPU
		{AB836C0C-775B-B432-BF22-2C9695D8A37F}.Release|Any CPU.ActiveCfg = Release|Any CPU
		{AB836C0C-775B-B432-BF22-2C9695D8A37F}.Release|Any CPU.Build.0 = Release|Any CPU
		{F70D87B8-0E73-9BFF-08FF-5C9BA85A2B74}.Debug|Any CPU.ActiveCfg = Debug|Any CPU
		{F70D87B8-0E73-9BFF-08FF-5C9BA85A2B74}.Debug|Any CPU.Build.0 = Debug|Any CPU
		{F70D87B8-0E73-9BFF-08FF-5C9BA85A2B74}.Release|Any CPU.ActiveCfg = Release|Any CPU
		{F70D87B8-0E73-9BFF-08FF-5C9BA85A2B74}.Release|Any CPU.Build.0 = Release|Any CPU
		{52C1C9EB-F400-09E6-D81C-D88407BEFFBC}.Debug|Any CPU.ActiveCfg = Debug|Any CPU
		{52C1C9EB-F400-09E6-D81C-D88407BEFFBC}.Debug|Any CPU.Build.0 = Debug|Any CPU
		{52C1C9EB-F400-09E6-D81C-D88407BEFFBC}.Release|Any CPU.ActiveCfg = Release|Any CPU
		{52C1C9EB-F400-09E6-D81C-D88407BEFFBC}.Release|Any CPU.Build.0 = Release|Any CPU
		{EF1F0D9D-93B9-4948-AEF2-8916FA176968}.Debug|Any CPU.ActiveCfg = Debug|Any CPU
		{EF1F0D9D-93B9-4948-AEF2-8916FA176968}.Debug|Any CPU.Build.0 = Debug|Any CPU
		{EF1F0D9D-93B9-4948-AEF2-8916FA176968}.Release|Any CPU.ActiveCfg = Release|Any CPU
		{EF1F0D9D-93B9-4948-AEF2-8916FA176968}.Release|Any CPU.Build.0 = Release|Any CPU
		{4265B105-516E-199E-5D68-F1CA356A3B01}.Debug|Any CPU.ActiveCfg = Debug|Any CPU
		{4265B105-516E-199E-5D68-F1CA356A3B01}.Debug|Any CPU.Build.0 = Debug|Any CPU
		{4265B105-516E-199E-5D68-F1CA356A3B01}.Release|Any CPU.ActiveCfg = Release|Any CPU
		{4265B105-516E-199E-5D68-F1CA356A3B01}.Release|Any CPU.Build.0 = Release|Any CPU
		{95E9BC3A-8994-C0CC-0784-786F88711157}.Debug|Any CPU.ActiveCfg = Debug|Any CPU
		{95E9BC3A-8994-C0CC-0784-786F88711157}.Debug|Any CPU.Build.0 = Debug|Any CPU
		{95E9BC3A-8994-C0CC-0784-786F88711157}.Release|Any CPU.ActiveCfg = Release|Any CPU
		{95E9BC3A-8994-C0CC-0784-786F88711157}.Release|Any CPU.Build.0 = Release|Any CPU
		{AB428BA6-CCFE-CBF0-8860-14DE4AEDF57F}.Debug|Any CPU.ActiveCfg = Debug|Any CPU
		{AB428BA6-CCFE-CBF0-8860-14DE4AEDF57F}.Debug|Any CPU.Build.0 = Debug|Any CPU
		{AB428BA6-CCFE-CBF0-8860-14DE4AEDF57F}.Release|Any CPU.ActiveCfg = Release|Any CPU
		{AB428BA6-CCFE-CBF0-8860-14DE4AEDF57F}.Release|Any CPU.Build.0 = Release|Any CPU
		{4A983A58-F74B-B979-22F1-4A6D8D8E8202}.Debug|Any CPU.ActiveCfg = Debug|Any CPU
		{4A983A58-F74B-B979-22F1-4A6D8D8E8202}.Debug|Any CPU.Build.0 = Debug|Any CPU
		{4A983A58-F74B-B979-22F1-4A6D8D8E8202}.Release|Any CPU.ActiveCfg = Release|Any CPU
		{4A983A58-F74B-B979-22F1-4A6D8D8E8202}.Release|Any CPU.Build.0 = Release|Any CPU
		{E9E8DA42-627E-0940-65E9-DDD3221A5CE5}.Debug|Any CPU.ActiveCfg = Debug|Any CPU
		{E9E8DA42-627E-0940-65E9-DDD3221A5CE5}.Debug|Any CPU.Build.0 = Debug|Any CPU
		{E9E8DA42-627E-0940-65E9-DDD3221A5CE5}.Release|Any CPU.ActiveCfg = Release|Any CPU
		{E9E8DA42-627E-0940-65E9-DDD3221A5CE5}.Release|Any CPU.Build.0 = Release|Any CPU
		{20181E89-6D97-309D-30BB-ED56B152CF6F}.Debug|Any CPU.ActiveCfg = Debug|Any CPU
		{20181E89-6D97-309D-30BB-ED56B152CF6F}.Debug|Any CPU.Build.0 = Debug|Any CPU
		{20181E89-6D97-309D-30BB-ED56B152CF6F}.Release|Any CPU.ActiveCfg = Release|Any CPU
		{20181E89-6D97-309D-30BB-ED56B152CF6F}.Release|Any CPU.Build.0 = Release|Any CPU
		{2D5AC7B6-EB33-AC41-D4C3-DEB997F44BC6}.Debug|Any CPU.ActiveCfg = Debug|Any CPU
		{2D5AC7B6-EB33-AC41-D4C3-DEB997F44BC6}.Debug|Any CPU.Build.0 = Debug|Any CPU
		{2D5AC7B6-EB33-AC41-D4C3-DEB997F44BC6}.Release|Any CPU.ActiveCfg = Release|Any CPU
		{2D5AC7B6-EB33-AC41-D4C3-DEB997F44BC6}.Release|Any CPU.Build.0 = Release|Any CPU
		{86D76550-4C23-B871-8E6E-56C4EE033B1D}.Debug|Any CPU.ActiveCfg = Debug|Any CPU
		{86D76550-4C23-B871-8E6E-56C4EE033B1D}.Debug|Any CPU.Build.0 = Debug|Any CPU
		{86D76550-4C23-B871-8E6E-56C4EE033B1D}.Release|Any CPU.ActiveCfg = Release|Any CPU
		{86D76550-4C23-B871-8E6E-56C4EE033B1D}.Release|Any CPU.Build.0 = Release|Any CPU
		{9DC81747-C021-4EB0-B59F-5B74CAAD3114}.Debug|Any CPU.ActiveCfg = Debug|Any CPU
		{9DC81747-C021-4EB0-B59F-5B74CAAD3114}.Debug|Any CPU.Build.0 = Debug|Any CPU
		{9DC81747-C021-4EB0-B59F-5B74CAAD3114}.Release|Any CPU.ActiveCfg = Release|Any CPU
		{9DC81747-C021-4EB0-B59F-5B74CAAD3114}.Release|Any CPU.Build.0 = Release|Any CPU
		{A6DCB19E-586E-0739-35D6-A75DA0AC7FBE}.Debug|Any CPU.ActiveCfg = Debug|Any CPU
		{A6DCB19E-586E-0739-35D6-A75DA0AC7FBE}.Debug|Any CPU.Build.0 = Debug|Any CPU
		{A6DCB19E-586E-0739-35D6-A75DA0AC7FBE}.Release|Any CPU.ActiveCfg = Release|Any CPU
		{A6DCB19E-586E-0739-35D6-A75DA0AC7FBE}.Release|Any CPU.Build.0 = Release|Any CPU
		{CD7ECC5E-6BBA-5964-B506-041969FCCDEA}.Debug|Any CPU.ActiveCfg = Debug|Any CPU
		{CD7ECC5E-6BBA-5964-B506-041969FCCDEA}.Debug|Any CPU.Build.0 = Debug|Any CPU
		{CD7ECC5E-6BBA-5964-B506-041969FCCDEA}.Release|Any CPU.ActiveCfg = Release|Any CPU
		{CD7ECC5E-6BBA-5964-B506-041969FCCDEA}.Release|Any CPU.Build.0 = Release|Any CPU
		{3F7BE468-1D7A-918F-37C1-6EB44E2D8A8E}.Debug|Any CPU.ActiveCfg = Debug|Any CPU
		{3F7BE468-1D7A-918F-37C1-6EB44E2D8A8E}.Debug|Any CPU.Build.0 = Debug|Any CPU
		{3F7BE468-1D7A-918F-37C1-6EB44E2D8A8E}.Release|Any CPU.ActiveCfg = Release|Any CPU
		{3F7BE468-1D7A-918F-37C1-6EB44E2D8A8E}.Release|Any CPU.Build.0 = Release|Any CPU
		{439A2BC2-69EC-1370-4E23-9D8832B6A0E5}.Debug|Any CPU.ActiveCfg = Debug|Any CPU
		{439A2BC2-69EC-1370-4E23-9D8832B6A0E5}.Debug|Any CPU.Build.0 = Debug|Any CPU
		{439A2BC2-69EC-1370-4E23-9D8832B6A0E5}.Release|Any CPU.ActiveCfg = Release|Any CPU
		{439A2BC2-69EC-1370-4E23-9D8832B6A0E5}.Release|Any CPU.Build.0 = Release|Any CPU
		{99D33623-C72C-C84F-310A-083F256E55C0}.Debug|Any CPU.ActiveCfg = Debug|Any CPU
		{99D33623-C72C-C84F-310A-083F256E55C0}.Debug|Any CPU.Build.0 = Debug|Any CPU
		{99D33623-C72C-C84F-310A-083F256E55C0}.Release|Any CPU.ActiveCfg = Release|Any CPU
		{99D33623-C72C-C84F-310A-083F256E55C0}.Release|Any CPU.Build.0 = Release|Any CPU
		{2622C58F-55E9-FB0E-5B73-9D922A68ADE0}.Debug|Any CPU.ActiveCfg = Debug|Any CPU
		{2622C58F-55E9-FB0E-5B73-9D922A68ADE0}.Debug|Any CPU.Build.0 = Debug|Any CPU
		{2622C58F-55E9-FB0E-5B73-9D922A68ADE0}.Release|Any CPU.ActiveCfg = Release|Any CPU
		{2622C58F-55E9-FB0E-5B73-9D922A68ADE0}.Release|Any CPU.Build.0 = Release|Any CPU
		{64769598-55FB-5C44-6D07-B462C5ACFDF6}.Debug|Any CPU.ActiveCfg = Debug|Any CPU
		{64769598-55FB-5C44-6D07-B462C5ACFDF6}.Debug|Any CPU.Build.0 = Debug|Any CPU
		{64769598-55FB-5C44-6D07-B462C5ACFDF6}.Release|Any CPU.ActiveCfg = Release|Any CPU
		{64769598-55FB-5C44-6D07-B462C5ACFDF6}.Release|Any CPU.Build.0 = Release|Any CPU
		{F270CDBF-2C33-1B5C-E42A-D70FEE5A6C81}.Debug|Any CPU.ActiveCfg = Debug|Any CPU
		{F270CDBF-2C33-1B5C-E42A-D70FEE5A6C81}.Debug|Any CPU.Build.0 = Debug|Any CPU
		{F270CDBF-2C33-1B5C-E42A-D70FEE5A6C81}.Release|Any CPU.ActiveCfg = Release|Any CPU
		{F270CDBF-2C33-1B5C-E42A-D70FEE5A6C81}.Release|Any CPU.Build.0 = Release|Any CPU
		{85F3E425-9C30-EBE0-B787-1AA9137ECD0C}.Debug|Any CPU.ActiveCfg = Debug|Any CPU
		{85F3E425-9C30-EBE0-B787-1AA9137ECD0C}.Debug|Any CPU.Build.0 = Debug|Any CPU
		{85F3E425-9C30-EBE0-B787-1AA9137ECD0C}.Release|Any CPU.ActiveCfg = Release|Any CPU
		{85F3E425-9C30-EBE0-B787-1AA9137ECD0C}.Release|Any CPU.Build.0 = Release|Any CPU
		{C57FBDBE-57C1-D2CF-8D33-43F4498866C2}.Debug|Any CPU.ActiveCfg = Debug|Any CPU
		{C57FBDBE-57C1-D2CF-8D33-43F4498866C2}.Debug|Any CPU.Build.0 = Debug|Any CPU
		{C57FBDBE-57C1-D2CF-8D33-43F4498866C2}.Release|Any CPU.ActiveCfg = Release|Any CPU
		{C57FBDBE-57C1-D2CF-8D33-43F4498866C2}.Release|Any CPU.Build.0 = Release|Any CPU
		{B94245D5-D62E-13BE-F0CA-29DFE5978B65}.Debug|Any CPU.ActiveCfg = Debug|Any CPU
		{B94245D5-D62E-13BE-F0CA-29DFE5978B65}.Debug|Any CPU.Build.0 = Debug|Any CPU
		{B94245D5-D62E-13BE-F0CA-29DFE5978B65}.Release|Any CPU.ActiveCfg = Release|Any CPU
		{B94245D5-D62E-13BE-F0CA-29DFE5978B65}.Release|Any CPU.Build.0 = Release|Any CPU
		{32E7082A-1144-45D5-D96B-7DC5ACC8B913}.Debug|Any CPU.ActiveCfg = Debug|Any CPU
		{32E7082A-1144-45D5-D96B-7DC5ACC8B913}.Debug|Any CPU.Build.0 = Debug|Any CPU
		{32E7082A-1144-45D5-D96B-7DC5ACC8B913}.Release|Any CPU.ActiveCfg = Release|Any CPU
		{32E7082A-1144-45D5-D96B-7DC5ACC8B913}.Release|Any CPU.Build.0 = Release|Any CPU
	EndGlobalSection
	GlobalSection(SolutionProperties) = preSolution
		HideSolutionNode = FALSE
	EndGlobalSection
EndGlobal
